// !$*UTF8*$!
{
	archiveVersion = 1;
	classes = {
	};
	objectVersion = 46;
	objects = {

/* Begin PBXBuildFile section */
		313F3A9A1C9D7AD3003070AC /* AppDelegate.swift in Sources */ = {isa = PBXBuildFile; fileRef = 313F3A991C9D7AD3003070AC /* AppDelegate.swift */; };
		313F3A9C1C9D7AD3003070AC /* ViewController.swift in Sources */ = {isa = PBXBuildFile; fileRef = 313F3A9B1C9D7AD3003070AC /* ViewController.swift */; };
		313F3A9F1C9D7AD3003070AC /* Main.storyboard in Resources */ = {isa = PBXBuildFile; fileRef = 313F3A9D1C9D7AD3003070AC /* Main.storyboard */; };
		313F3AA11C9D7AD3003070AC /* Assets.xcassets in Resources */ = {isa = PBXBuildFile; fileRef = 313F3AA01C9D7AD3003070AC /* Assets.xcassets */; };
		313F3AA41C9D7AD3003070AC /* LaunchScreen.storyboard in Resources */ = {isa = PBXBuildFile; fileRef = 313F3AA21C9D7AD3003070AC /* LaunchScreen.storyboard */; };
/* End PBXBuildFile section */

/* Begin PBXFileReference section */
		313F3A961C9D7AD3003070AC /* CartA2.app */ = {isa = PBXFileReference; explicitFileType = wrapper.application; includeInIndex = 0; path = CartA2.app; sourceTree = BUILT_PRODUCTS_DIR; };
		313F3A991C9D7AD3003070AC /* AppDelegate.swift */ = {isa = PBXFileReference; lastKnownFileType = sourcecode.swift; path = AppDelegate.swift; sourceTree = "<group>"; };
		313F3A9B1C9D7AD3003070AC /* ViewController.swift */ = {isa = PBXFileReference; lastKnownFileType = sourcecode.swift; path = ViewController.swift; sourceTree = "<group>"; };
		313F3A9E1C9D7AD3003070AC /* Base */ = {isa = PBXFileReference; lastKnownFileType = file.storyboard; name = Base; path = Base.lproj/Main.storyboard; sourceTree = "<group>"; };
		313F3AA01C9D7AD3003070AC /* Assets.xcassets */ = {isa = PBXFileReference; lastKnownFileType = folder.assetcatalog; path = Assets.xcassets; sourceTree = "<group>"; };
		313F3AA31C9D7AD3003070AC /* Base */ = {isa = PBXFileReference; lastKnownFileType = file.storyboard; name = Base; path = Base.lproj/LaunchScreen.storyboard; sourceTree = "<group>"; };
		313F3AA51C9D7AD3003070AC /* Info.plist */ = {isa = PBXFileReference; lastKnownFileType = text.plist.xml; path = Info.plist; sourceTree = "<group>"; };
/* End PBXFileReference section */

/* Begin PBXFrameworksBuildPhase section */
		313F3A931C9D7AD3003070AC /* Frameworks */ = {
			isa = PBXFrameworksBuildPhase;
			buildActionMask = 2147483647;
			files = (
			);
			runOnlyForDeploymentPostprocessing = 0;
		};
/* End PBXFrameworksBuildPhase section */

/* Begin PBXGroup section */
		313F3A8D1C9D7AD3003070AC = {
			isa = PBXGroup;
			children = (
				313F3A981C9D7AD3003070AC /* CartA2 */,
				313F3A971C9D7AD3003070AC /* Products */,
			);
			sourceTree = "<group>";
		};
		313F3A971C9D7AD3003070AC /* Products */ = {
			isa = PBXGroup;
			children = (
				313F3A961C9D7AD3003070AC /* CartA2.app */,
			);
			name = Products;
			sourceTree = "<group>";
		};
		313F3A981C9D7AD3003070AC /* CartA2 */ = {
			isa = PBXGroup;
			children = (
				313F3A991C9D7AD3003070AC /* AppDelegate.swift */,
				313F3A9B1C9D7AD3003070AC /* ViewController.swift */,
				313F3A9D1C9D7AD3003070AC /* Main.storyboard */,
				313F3AA01C9D7AD3003070AC /* Assets.xcassets */,
				313F3AA21C9D7AD3003070AC /* LaunchScreen.storyboard */,
				313F3AA51C9D7AD3003070AC /* Info.plist */,
			);
			path = CartA2;
			sourceTree = "<group>";
		};
/* End PBXGroup section */

/* Begin PBXNativeTarget section */
		313F3A951C9D7AD3003070AC /* CartA2 */ = {
			isa = PBXNativeTarget;
			buildConfigurationList = 313F3AA81C9D7AD3003070AC /* Build configuration list for PBXNativeTarget "CartA2" */;
			buildPhases = (
				313F3A921C9D7AD3003070AC /* Sources */,
				313F3A931C9D7AD3003070AC /* Frameworks */,
				313F3A941C9D7AD3003070AC /* Resources */,
			);
			buildRules = (
			);
			dependencies = (
			);
			name = CartA2;
			productName = CartA2;
			productReference = 313F3A961C9D7AD3003070AC /* CartA2.app */;
			productType = "com.apple.product-type.application";
		};
/* End PBXNativeTarget section */

/* Begin PBXProject section */
		313F3A8E1C9D7AD3003070AC /* Project object */ = {
			isa = PBXProject;
			attributes = {
				LastSwiftUpdateCheck = 0720;
				LastUpgradeCheck = 0720;
				ORGANIZATIONNAME = "Jakkawad Chaiplee";
				TargetAttributes = {
					313F3A951C9D7AD3003070AC = {
						CreatedOnToolsVersion = 7.2.1;
						DevelopmentTeam = Z32K7UXVG2;
					};
				};
			};
			buildConfigurationList = 313F3A911C9D7AD3003070AC /* Build configuration list for PBXProject "CartA2" */;
			compatibilityVersion = "Xcode 3.2";
			developmentRegion = English;
			hasScannedForEncodings = 0;
			knownRegions = (
				en,
				Base,
			);
			mainGroup = 313F3A8D1C9D7AD3003070AC;
			productRefGroup = 313F3A971C9D7AD3003070AC /* Products */;
			projectDirPath = "";
			projectRoot = "";
			targets = (
				313F3A951C9D7AD3003070AC /* CartA2 */,
			);
		};
/* End PBXProject section */

/* Begin PBXResourcesBuildPhase section */
		313F3A941C9D7AD3003070AC /* Resources */ = {
			isa = PBXResourcesBuildPhase;
			buildActionMask = 2147483647;
			files = (
				313F3AA41C9D7AD3003070AC /* LaunchScreen.storyboard in Resources */,
				313F3AA11C9D7AD3003070AC /* Assets.xcassets in Resources */,
				313F3A9F1C9D7AD3003070AC /* Main.storyboard in Resources */,
			);
			runOnlyForDeploymentPostprocessing = 0;
		};
/* End PBXResourcesBuildPhase section */

/* Begin PBXSourcesBuildPhase section */
		313F3A921C9D7AD3003070AC /* Sources */ = {
			isa = PBXSourcesBuildPhase;
			buildActionMask = 2147483647;
			files = (
				313F3A9C1C9D7AD3003070AC /* ViewController.swift in Sources */,
				313F3A9A1C9D7AD3003070AC /* AppDelegate.swift in Sources */,
			);
			runOnlyForDeploymentPostprocessing = 0;
		};
/* End PBXSourcesBuildPhase section */

/* Begin PBXVariantGroup section */
		313F3A9D1C9D7AD3003070AC /* Main.storyboard */ = {
			isa = PBXVariantGroup;
			children = (
				313F3A9E1C9D7AD3003070AC /* Base */,
			);
			name = Main.storyboard;
			sourceTree = "<group>";
		};
		313F3AA21C9D7AD3003070AC /* LaunchScreen.storyboard */ = {
			isa = PBXVariantGroup;
			children = (
				313F3AA31C9D7AD3003070AC /* Base */,
			);
			name = LaunchScreen.storyboard;
			sourceTree = "<group>";
		};
/* End PBXVariantGroup section */

/* Begin XCBuildConfiguration section */
		313F3AA61C9D7AD3003070AC /* Debug */ = {
			isa = XCBuildConfiguration;
			buildSettings = {
				ALWAYS_SEARCH_USER_PATHS = NO;
				CLANG_CXX_LANGUAGE_STANDARD = "gnu++0x";
				CLANG_CXX_LIBRARY = "libc++";
				CLANG_ENABLE_MODULES = YES;
				CLANG_ENABLE_OBJC_ARC = YES;
				CLANG_WARN_BOOL_CONVERSION = YES;
				CLANG_WARN_CONSTANT_CONVERSION = YES;
				CLANG_WARN_DIRECT_OBJC_ISA_USAGE = YES_ERROR;
				CLANG_WARN_EMPTY_BODY = YES;
				CLANG_WARN_ENUM_CONVERSION = YES;
				CLANG_WARN_INT_CONVERSION = YES;
				CLANG_WARN_OBJC_ROOT_CLASS = YES_ERROR;
				CLANG_WARN_UNREACHABLE_CODE = YES;
				CLANG_WARN__DUPLICATE_METHOD_MATCH = YES;
				"CODE_SIGN_IDENTITY[sdk=iphoneos*]" = "iPhone Developer";
				COPY_PHASE_STRIP = NO;
				DEBUG_INFORMATION_FORMAT = dwarf;
				ENABLE_STRICT_OBJC_MSGSEND = YES;
				ENABLE_TESTABILITY = YES;
				GCC_C_LANGUAGE_STANDARD = gnu99;
				GCC_DYNAMIC_NO_PIC = NO;
				GCC_NO_COMMON_BLOCKS = YES;
				GCC_OPTIMIZATION_LEVEL = 0;
				GCC_PREPROCESSOR_DEFINITIONS = (
					"DEBUG=1",
					"$(inherited)",
				);
				GCC_WARN_64_TO_32_BIT_CONVERSION = YES;
				GCC_WARN_ABOUT_RETURN_TYPE = YES_ERROR;
				GCC_WARN_UNDECLARED_SELECTOR = YES;
				GCC_WARN_UNINITIALIZED_AUTOS = YES_AGGRESSIVE;
				GCC_WARN_UNUSED_FUNCTION = YES;
				GCC_WARN_UNUSED_VARIABLE = YES;
				IPHONEOS_DEPLOYMENT_TARGET = 9.2;
				MTL_ENABLE_DEBUG_INFO = YES;
				ONLY_ACTIVE_ARCH = YES;
				SDKROOT = iphoneos;
				SWIFT_OPTIMIZATION_LEVEL = "-Onone";
			};
			name = Debug;
		};
		313F3AA71C9D7AD3003070AC /* Release */ = {
			isa = XCBuildConfiguration;
			buildSettings = {
				ALWAYS_SEARCH_USER_PATHS = NO;
				CLANG_CXX_LANGUAGE_STANDARD = "gnu++0x";
				CLANG_CXX_LIBRARY = "libc++";
				CLANG_ENABLE_MODULES = YES;
				CLANG_ENABLE_OBJC_ARC = YES;
				CLANG_WARN_BOOL_CONVERSION = YES;
				CLANG_WARN_CONSTANT_CONVERSION = YES;
				CLANG_WARN_DIRECT_OBJC_ISA_USAGE = YES_ERROR;
				CLANG_WARN_EMPTY_BODY = YES;
				CLANG_WARN_ENUM_CONVERSION = YES;
				CLANG_WARN_INT_CONVERSION = YES;
				CLANG_WARN_OBJC_ROOT_CLASS = YES_ERROR;
				CLANG_WARN_UNREACHABLE_CODE = YES;
				CLANG_WARN__DUPLICATE_METHOD_MATCH = YES;
				"CODE_SIGN_IDENTITY[sdk=iphoneos*]" = "iPhone Developer";
				COPY_PHASE_STRIP = NO;
				DEBUG_INFORMATION_FORMAT = "dwarf-with-dsym";
				ENABLE_NS_ASSERTIONS = NO;
				ENABLE_STRICT_OBJC_MSGSEND = YES;
				GCC_C_LANGUAGE_STANDARD = gnu99;
				GCC_NO_COMMON_BLOCKS = YES;
				GCC_WARN_64_TO_32_BIT_CONVERSION = YES;
				GCC_WARN_ABOUT_RETURN_TYPE = YES_ERROR;
				GCC_WARN_UNDECLARED_SELECTOR = YES;
				GCC_WARN_UNINITIALIZED_AUTOS = YES_AGGRESSIVE;
				GCC_WARN_UNUSED_FUNCTION = YES;
				GCC_WARN_UNUSED_VARIABLE = YES;
				IPHONEOS_DEPLOYMENT_TARGET = 9.2;
				MTL_ENABLE_DEBUG_INFO = NO;
				SDKROOT = iphoneos;
				VALIDATE_PRODUCT = YES;
			};
			name = Release;
		};
		313F3AA91C9D7AD3003070AC /* Debug */ = {
			isa = XCBuildConfiguration;
			buildSettings = {
				ASSETCATALOG_COMPILER_APPICON_NAME = AppIcon;
				INFOPLIST_FILE = CartA2/Info.plist;
				LD_RUNPATH_SEARCH_PATHS = "$(inherited) @executable_path/Frameworks";
				PRODUCT_BUNDLE_IDENTIFIER = "com.sunny-juof.CartA2";
				PRODUCT_NAME = "$(TARGET_NAME)";
			};
			name = Debug;
		};
		313F3AAA1C9D7AD3003070AC /* Release */ = {
			isa = XCBuildConfiguration;
			buildSettings = {
				ASSETCATALOG_COMPILER_APPICON_NAME = AppIcon;
				INFOPLIST_FILE = CartA2/Info.plist;
				LD_RUNPATH_SEARCH_PATHS = "$(inherited) @executable_path/Frameworks";
				PRODUCT_BUNDLE_IDENTIFIER = "com.sunny-juof.CartA2";
				PRODUCT_NAME = "$(TARGET_NAME)";
			};
			name = Release;
		};
/* End XCBuildConfiguration section */

/* Begin XCConfigurationList section */
		313F3A911C9D7AD3003070AC /* Build configuration list for PBXProject "CartA2" */ = {
			isa = XCConfigurationList;
			buildConfigurations = (
				313F3AA61C9D7AD3003070AC /* Debug */,
				313F3AA71C9D7AD3003070AC /* Release */,
			);
			defaultConfigurationIsVisible = 0;
			defaultConfigurationName = Release;
		};
		313F3AA81C9D7AD3003070AC /* Build configuration list for PBXNativeTarget "CartA2" */ = {
			isa = XCConfigurationList;
			buildConfigurations = (
				313F3AA91C9D7AD3003070AC /* Debug */,
				313F3AAA1C9D7AD3003070AC /* Release */,
			);
			defaultConfigurationIsVisible = 0;
		};
/* End XCConfigurationList section */
	};
	rootObject = 313F3A8E1C9D7AD3003070AC /* Project object */;
}
